// !$*UTF8*$!
{
	archiveVersion = 1;
	classes = {
	};
	objectVersion = 50;
	objects = {

/* Begin PBXBuildFile section */
		EF478589264AFF0400A6051E /* Player.swift in Sources */ = {isa = PBXBuildFile; fileRef = EF478588264AFF0400A6051E /* Player.swift */; };
		EF47858C264D9F5600A6051E /* Bomberman.swift in Sources */ = {isa = PBXBuildFile; fileRef = EF47858B264D9F5600A6051E /* Bomberman.swift */; };
		EF47858F26543CC700A6051E /* MovingSprite.swift in Sources */ = {isa = PBXBuildFile; fileRef = EF47858E26543CC700A6051E /* MovingSprite.swift */; };
		EF4785922656D20F00A6051E /* GameConstants.swift in Sources */ = {isa = PBXBuildFile; fileRef = EF4785912656D20F00A6051E /* GameConstants.swift */; };
		EF86E9F8266D17C20021F14E /* SplashScreenScene.swift in Sources */ = {isa = PBXBuildFile; fileRef = EF86E9F7266D17C20021F14E /* SplashScreenScene.swift */; };
		EF86E9FA266D33FB0021F14E /* Scene.swift in Sources */ = {isa = PBXBuildFile; fileRef = EF86E9F9266D33FB0021F14E /* Scene.swift */; };
		EF86E9FE266D398C0021F14E /* SplashScreenScene.sks in Resources */ = {isa = PBXBuildFile; fileRef = EF86E9FD266D398C0021F14E /* SplashScreenScene.sks */; };
		EF86EA01266E8EA80021F14E /* SlapAndCrumbly.ttf in Resources */ = {isa = PBXBuildFile; fileRef = EF86EA00266E8E9D0021F14E /* SlapAndCrumbly.ttf */; };
		EFA741FF265EFA94001901BC /* Score.swift in Sources */ = {isa = PBXBuildFile; fileRef = EFA741FE265EFA94001901BC /* Score.swift */; };
		EFE36DFB2628B8CA00D49712 /* AppDelegate.swift in Sources */ = {isa = PBXBuildFile; fileRef = EFE36DFA2628B8CA00D49712 /* AppDelegate.swift */; };
		EFE36DFD2628B8CA00D49712 /* GameScene.sks in Resources */ = {isa = PBXBuildFile; fileRef = EFE36DFC2628B8CA00D49712 /* GameScene.sks */; };
		EFE36DFF2628B8CA00D49712 /* Actions.sks in Resources */ = {isa = PBXBuildFile; fileRef = EFE36DFE2628B8CA00D49712 /* Actions.sks */; };
		EFE36E012628B8CA00D49712 /* GameScene.swift in Sources */ = {isa = PBXBuildFile; fileRef = EFE36E002628B8CA00D49712 /* GameScene.swift */; };
		EFE36E032628B8CA00D49712 /* GameViewController.swift in Sources */ = {isa = PBXBuildFile; fileRef = EFE36E022628B8CA00D49712 /* GameViewController.swift */; };
		EFE36E062628B8CA00D49712 /* Main.storyboard in Resources */ = {isa = PBXBuildFile; fileRef = EFE36E042628B8CA00D49712 /* Main.storyboard */; };
		EFE36E082628B8CB00D49712 /* Assets.xcassets in Resources */ = {isa = PBXBuildFile; fileRef = EFE36E072628B8CB00D49712 /* Assets.xcassets */; };
/* End PBXBuildFile section */

/* Begin PBXFileReference section */
		EF478588264AFF0400A6051E /* Player.swift */ = {isa = PBXFileReference; lastKnownFileType = sourcecode.swift; path = Player.swift; sourceTree = "<group>"; };
		EF47858B264D9F5600A6051E /* Bomberman.swift */ = {isa = PBXFileReference; lastKnownFileType = sourcecode.swift; path = Bomberman.swift; sourceTree = "<group>"; };
		EF47858E26543CC700A6051E /* MovingSprite.swift */ = {isa = PBXFileReference; lastKnownFileType = sourcecode.swift; path = MovingSprite.swift; sourceTree = "<group>"; };
		EF4785912656D20F00A6051E /* GameConstants.swift */ = {isa = PBXFileReference; lastKnownFileType = sourcecode.swift; path = GameConstants.swift; sourceTree = "<group>"; };
		EF86E9F7266D17C20021F14E /* SplashScreenScene.swift */ = {isa = PBXFileReference; lastKnownFileType = sourcecode.swift; path = SplashScreenScene.swift; sourceTree = "<group>"; };
		EF86E9F9266D33FB0021F14E /* Scene.swift */ = {isa = PBXFileReference; lastKnownFileType = sourcecode.swift; path = Scene.swift; sourceTree = "<group>"; };
		EF86E9FD266D398C0021F14E /* SplashScreenScene.sks */ = {isa = PBXFileReference; lastKnownFileType = file.sks; path = SplashScreenScene.sks; sourceTree = "<group>"; };
		EF86EA00266E8E9D0021F14E /* SlapAndCrumbly.ttf */ = {isa = PBXFileReference; lastKnownFileType = file; name = SlapAndCrumbly.ttf; path = ../../../slap_and_crumbly/SlapAndCrumbly.ttf; sourceTree = "<group>"; };
		EFA741FE265EFA94001901BC /* Score.swift */ = {isa = PBXFileReference; lastKnownFileType = sourcecode.swift; path = Score.swift; sourceTree = "<group>"; };
		EFE36DF72628B8CA00D49712 /* Kaboom.app */ = {isa = PBXFileReference; explicitFileType = wrapper.application; includeInIndex = 0; path = Kaboom.app; sourceTree = BUILT_PRODUCTS_DIR; };
		EFE36DFA2628B8CA00D49712 /* AppDelegate.swift */ = {isa = PBXFileReference; lastKnownFileType = sourcecode.swift; path = AppDelegate.swift; sourceTree = "<group>"; };
		EFE36DFC2628B8CA00D49712 /* GameScene.sks */ = {isa = PBXFileReference; lastKnownFileType = file.sks; path = GameScene.sks; sourceTree = "<group>"; };
		EFE36DFE2628B8CA00D49712 /* Actions.sks */ = {isa = PBXFileReference; lastKnownFileType = file.sks; path = Actions.sks; sourceTree = "<group>"; };
		EFE36E002628B8CA00D49712 /* GameScene.swift */ = {isa = PBXFileReference; lastKnownFileType = sourcecode.swift; path = GameScene.swift; sourceTree = "<group>"; };
		EFE36E022628B8CA00D49712 /* GameViewController.swift */ = {isa = PBXFileReference; lastKnownFileType = sourcecode.swift; path = GameViewController.swift; sourceTree = "<group>"; };
		EFE36E052628B8CA00D49712 /* Base */ = {isa = PBXFileReference; lastKnownFileType = file.storyboard; name = Base; path = Base.lproj/Main.storyboard; sourceTree = "<group>"; };
		EFE36E072628B8CB00D49712 /* Assets.xcassets */ = {isa = PBXFileReference; lastKnownFileType = folder.assetcatalog; path = Assets.xcassets; sourceTree = "<group>"; };
		EFE36E092628B8CB00D49712 /* Info.plist */ = {isa = PBXFileReference; lastKnownFileType = text.plist.xml; path = Info.plist; sourceTree = "<group>"; };
/* End PBXFileReference section */

/* Begin PBXFrameworksBuildPhase section */
		EFE36DF42628B8CA00D49712 /* Frameworks */ = {
			isa = PBXFrameworksBuildPhase;
			buildActionMask = 2147483647;
			files = (
			);
			runOnlyForDeploymentPostprocessing = 0;
		};
/* End PBXFrameworksBuildPhase section */

/* Begin PBXGroup section */
		EF478587264AFEEC00A6051E /* Scripts */ = {
			isa = PBXGroup;
			children = (
				EF478588264AFF0400A6051E /* Player.swift */,
				EF47858B264D9F5600A6051E /* Bomberman.swift */,
				EF47858E26543CC700A6051E /* MovingSprite.swift */,
				EF4785912656D20F00A6051E /* GameConstants.swift */,
				EFA741FE265EFA94001901BC /* Score.swift */,
			);
			path = Scripts;
			sourceTree = "<group>";
		};
		EF86E9F6266D17A60021F14E /* Scenes */ = {
			isa = PBXGroup;
			children = (
				EFE36E002628B8CA00D49712 /* GameScene.swift */,
				EFE36DFC2628B8CA00D49712 /* GameScene.sks */,
				EF86E9F7266D17C20021F14E /* SplashScreenScene.swift */,
				EF86E9FD266D398C0021F14E /* SplashScreenScene.sks */,
				EF86E9F9266D33FB0021F14E /* Scene.swift */,
			);
			path = Scenes;
			sourceTree = "<group>";
		};
		EF86E9FF266E8E800021F14E /* Fonts */ = {
			isa = PBXGroup;
			children = (
				EF86EA00266E8E9D0021F14E /* SlapAndCrumbly.ttf */,
			);
			path = Fonts;
			sourceTree = "<group>";
		};
		EFE36DEE2628B8CA00D49712 = {
			isa = PBXGroup;
			children = (
				EFE36DF92628B8CA00D49712 /* Kaboom */,
				EFE36DF82628B8CA00D49712 /* Products */,
			);
			sourceTree = "<group>";
		};
		EFE36DF82628B8CA00D49712 /* Products */ = {
			isa = PBXGroup;
			children = (
				EFE36DF72628B8CA00D49712 /* Kaboom.app */,
			);
			name = Products;
			sourceTree = "<group>";
		};
		EFE36DF92628B8CA00D49712 /* Kaboom */ = {
			isa = PBXGroup;
			children = (
				EF86E9FF266E8E800021F14E /* Fonts */,
				EF86E9F6266D17A60021F14E /* Scenes */,
				EF478587264AFEEC00A6051E /* Scripts */,
				EFE36DFA2628B8CA00D49712 /* AppDelegate.swift */,
				EFE36DFE2628B8CA00D49712 /* Actions.sks */,
				EFE36E022628B8CA00D49712 /* GameViewController.swift */,
				EFE36E042628B8CA00D49712 /* Main.storyboard */,
				EFE36E072628B8CB00D49712 /* Assets.xcassets */,
				EFE36E092628B8CB00D49712 /* Info.plist */,
			);
			path = Kaboom;
			sourceTree = "<group>";
		};
/* End PBXGroup section */

/* Begin PBXNativeTarget section */
		EFE36DF62628B8CA00D49712 /* Kaboom */ = {
			isa = PBXNativeTarget;
			buildConfigurationList = EFE36E0C2628B8CB00D49712 /* Build configuration list for PBXNativeTarget "Kaboom" */;
			buildPhases = (
				EFE36DF32628B8CA00D49712 /* Sources */,
				EFE36DF42628B8CA00D49712 /* Frameworks */,
				EFE36DF52628B8CA00D49712 /* Resources */,
				EF278F3B264AF13300F6699A /* ShellScript */,
			);
			buildRules = (
			);
			dependencies = (
			);
			name = Kaboom;
			productName = Kaboom;
			productReference = EFE36DF72628B8CA00D49712 /* Kaboom.app */;
			productType = "com.apple.product-type.application";
		};
/* End PBXNativeTarget section */

/* Begin PBXProject section */
		EFE36DEF2628B8CA00D49712 /* Project object */ = {
			isa = PBXProject;
			attributes = {
				LastSwiftUpdateCheck = 1240;
				LastUpgradeCheck = 1240;
				TargetAttributes = {
					EFE36DF62628B8CA00D49712 = {
						CreatedOnToolsVersion = 12.4;
					};
				};
			};
			buildConfigurationList = EFE36DF22628B8CA00D49712 /* Build configuration list for PBXProject "Kaboom" */;
			compatibilityVersion = "Xcode 9.3";
			developmentRegion = en;
			hasScannedForEncodings = 0;
			knownRegions = (
				en,
				Base,
			);
			mainGroup = EFE36DEE2628B8CA00D49712;
			productRefGroup = EFE36DF82628B8CA00D49712 /* Products */;
			projectDirPath = "";
			projectRoot = "";
			targets = (
				EFE36DF62628B8CA00D49712 /* Kaboom */,
			);
		};
/* End PBXProject section */

/* Begin PBXResourcesBuildPhase section */
		EFE36DF52628B8CA00D49712 /* Resources */ = {
			isa = PBXResourcesBuildPhase;
			buildActionMask = 2147483647;
			files = (
				EFE36E062628B8CA00D49712 /* Main.storyboard in Resources */,
				EFE36DFD2628B8CA00D49712 /* GameScene.sks in Resources */,
				EF86E9FE266D398C0021F14E /* SplashScreenScene.sks in Resources */,
				EF86EA01266E8EA80021F14E /* SlapAndCrumbly.ttf in Resources */,
				EFE36E082628B8CB00D49712 /* Assets.xcassets in Resources */,
				EFE36DFF2628B8CA00D49712 /* Actions.sks in Resources */,
			);
			runOnlyForDeploymentPostprocessing = 0;
		};
/* End PBXResourcesBuildPhase section */

/* Begin PBXShellScriptBuildPhase section */
		EF278F3B264AF13300F6699A /* ShellScript */ = {
			isa = PBXShellScriptBuildPhase;
			buildActionMask = 2147483647;
			files = (
			);
			inputFileListPaths = (
			);
			inputPaths = (
			);
			outputFileListPaths = (
			);
			outputPaths = (
			);
			runOnlyForDeploymentPostprocessing = 0;
			shellPath = /bin/sh;
			shellScript = "# Type a script or drag a script file from your workspace to insert its path.\nif which swiftlint >/dev/null; then\n  swiftlint\nelse\n  echo \"warning: SwiftLint not installed, download from https://github.com/realm/SwiftLint\"\nfi\n";
		};
/* End PBXShellScriptBuildPhase section */

/* Begin PBXSourcesBuildPhase section */
		EFE36DF32628B8CA00D49712 /* Sources */ = {
			isa = PBXSourcesBuildPhase;
			buildActionMask = 2147483647;
			files = (
				EF47858F26543CC700A6051E /* MovingSprite.swift in Sources */,
				EF478589264AFF0400A6051E /* Player.swift in Sources */,
				EF86E9FA266D33FB0021F14E /* Scene.swift in Sources */,
				EFA741FF265EFA94001901BC /* Score.swift in Sources */,
				EF86E9F8266D17C20021F14E /* SplashScreenScene.swift in Sources */,
				EFE36E012628B8CA00D49712 /* GameScene.swift in Sources */,
				EFE36E032628B8CA00D49712 /* GameViewController.swift in Sources */,
				EF4785922656D20F00A6051E /* GameConstants.swift in Sources */,
				EFE36DFB2628B8CA00D49712 /* AppDelegate.swift in Sources */,
				EF47858C264D9F5600A6051E /* Bomberman.swift in Sources */,
			);
			runOnlyForDeploymentPostprocessing = 0;
		};
/* End PBXSourcesBuildPhase section */

/* Begin PBXVariantGroup section */
		EFE36E042628B8CA00D49712 /* Main.storyboard */ = {
			isa = PBXVariantGroup;
			children = (
				EFE36E052628B8CA00D49712 /* Base */,
			);
			name = Main.storyboard;
			sourceTree = "<group>";
		};
/* End PBXVariantGroup section */

/* Begin XCBuildConfiguration section */
		EFE36E0A2628B8CB00D49712 /* Debug */ = {
			isa = XCBuildConfiguration;
			buildSettings = {
				ALWAYS_SEARCH_USER_PATHS = NO;
				CLANG_ANALYZER_NONNULL = YES;
				CLANG_ANALYZER_NUMBER_OBJECT_CONVERSION = YES_AGGRESSIVE;
				CLANG_CXX_LANGUAGE_STANDARD = "gnu++14";
				CLANG_CXX_LIBRARY = "libc++";
				CLANG_ENABLE_MODULES = YES;
				CLANG_ENABLE_OBJC_ARC = YES;
				CLANG_ENABLE_OBJC_WEAK = YES;
				CLANG_WARN_BLOCK_CAPTURE_AUTORELEASING = YES;
				CLANG_WARN_BOOL_CONVERSION = YES;
				CLANG_WARN_COMMA = YES;
				CLANG_WARN_CONSTANT_CONVERSION = YES;
				CLANG_WARN_DEPRECATED_OBJC_IMPLEMENTATIONS = YES;
				CLANG_WARN_DIRECT_OBJC_ISA_USAGE = YES_ERROR;
				CLANG_WARN_DOCUMENTATION_COMMENTS = YES;
				CLANG_WARN_EMPTY_BODY = YES;
				CLANG_WARN_ENUM_CONVERSION = YES;
				CLANG_WARN_INFINITE_RECURSION = YES;
				CLANG_WARN_INT_CONVERSION = YES;
				CLANG_WARN_NON_LITERAL_NULL_CONVERSION = YES;
				CLANG_WARN_OBJC_IMPLICIT_RETAIN_SELF = YES;
				CLANG_WARN_OBJC_LITERAL_CONVERSION = YES;
				CLANG_WARN_OBJC_ROOT_CLASS = YES_ERROR;
				CLANG_WARN_QUOTED_INCLUDE_IN_FRAMEWORK_HEADER = YES;
				CLANG_WARN_RANGE_LOOP_ANALYSIS = YES;
				CLANG_WARN_STRICT_PROTOTYPES = YES;
				CLANG_WARN_SUSPICIOUS_MOVE = YES;
				CLANG_WARN_UNGUARDED_AVAILABILITY = YES_AGGRESSIVE;
				CLANG_WARN_UNREACHABLE_CODE = YES;
				CLANG_WARN__DUPLICATE_METHOD_MATCH = YES;
				COPY_PHASE_STRIP = NO;
				DEBUG_INFORMATION_FORMAT = dwarf;
				ENABLE_STRICT_OBJC_MSGSEND = YES;
				ENABLE_TESTABILITY = YES;
				GCC_C_LANGUAGE_STANDARD = gnu11;
				GCC_DYNAMIC_NO_PIC = NO;
				GCC_NO_COMMON_BLOCKS = YES;
				GCC_OPTIMIZATION_LEVEL = 0;
				GCC_PREPROCESSOR_DEFINITIONS = (
					"DEBUG=1",
					"$(inherited)",
				);
				GCC_WARN_64_TO_32_BIT_CONVERSION = YES;
				GCC_WARN_ABOUT_RETURN_TYPE = YES_ERROR;
				GCC_WARN_UNDECLARED_SELECTOR = YES;
				GCC_WARN_UNINITIALIZED_AUTOS = YES_AGGRESSIVE;
				GCC_WARN_UNUSED_FUNCTION = YES;
				GCC_WARN_UNUSED_VARIABLE = YES;
				IPHONEOS_DEPLOYMENT_TARGET = 14.4;
				MTL_ENABLE_DEBUG_INFO = INCLUDE_SOURCE;
				MTL_FAST_MATH = YES;
				ONLY_ACTIVE_ARCH = YES;
				SDKROOT = iphoneos;
				SWIFT_ACTIVE_COMPILATION_CONDITIONS = DEBUG;
				SWIFT_OPTIMIZATION_LEVEL = "-Onone";
			};
			name = Debug;
		};
		EFE36E0B2628B8CB00D49712 /* Release */ = {
			isa = XCBuildConfiguration;
			buildSettings = {
				ALWAYS_SEARCH_USER_PATHS = NO;
				CLANG_ANALYZER_NONNULL = YES;
				CLANG_ANALYZER_NUMBER_OBJECT_CONVERSION = YES_AGGRESSIVE;
				CLANG_CXX_LANGUAGE_STANDARD = "gnu++14";
				CLANG_CXX_LIBRARY = "libc++";
				CLANG_ENABLE_MODULES = YES;
				CLANG_ENABLE_OBJC_ARC = YES;
				CLANG_ENABLE_OBJC_WEAK = YES;
				CLANG_WARN_BLOCK_CAPTURE_AUTORELEASING = YES;
				CLANG_WARN_BOOL_CONVERSION = YES;
				CLANG_WARN_COMMA = YES;
				CLANG_WARN_CONSTANT_CONVERSION = YES;
				CLANG_WARN_DEPRECATED_OBJC_IMPLEMENTATIONS = YES;
				CLANG_WARN_DIRECT_OBJC_ISA_USAGE = YES_ERROR;
				CLANG_WARN_DOCUMENTATION_COMMENTS = YES;
				CLANG_WARN_EMPTY_BODY = YES;
				CLANG_WARN_ENUM_CONVERSION = YES;
				CLANG_WARN_INFINITE_RECURSION = YES;
				CLANG_WARN_INT_CONVERSION = YES;
				CLANG_WARN_NON_LITERAL_NULL_CONVERSION = YES;
				CLANG_WARN_OBJC_IMPLICIT_RETAIN_SELF = YES;
				CLANG_WARN_OBJC_LITERAL_CONVERSION = YES;
				CLANG_WARN_OBJC_ROOT_CLASS = YES_ERROR;
				CLANG_WARN_QUOTED_INCLUDE_IN_FRAMEWORK_HEADER = YES;
				CLANG_WARN_RANGE_LOOP_ANALYSIS = YES;
				CLANG_WARN_STRICT_PROTOTYPES = YES;
				CLANG_WARN_SUSPICIOUS_MOVE = YES;
				CLANG_WARN_UNGUARDED_AVAILABILITY = YES_AGGRESSIVE;
				CLANG_WARN_UNREACHABLE_CODE = YES;
				CLANG_WARN__DUPLICATE_METHOD_MATCH = YES;
				COPY_PHASE_STRIP = NO;
				DEBUG_INFORMATION_FORMAT = "dwarf-with-dsym";
				ENABLE_NS_ASSERTIONS = NO;
				ENABLE_STRICT_OBJC_MSGSEND = YES;
				GCC_C_LANGUAGE_STANDARD = gnu11;
				GCC_NO_COMMON_BLOCKS = YES;
				GCC_WARN_64_TO_32_BIT_CONVERSION = YES;
				GCC_WARN_ABOUT_RETURN_TYPE = YES_ERROR;
				GCC_WARN_UNDECLARED_SELECTOR = YES;
				GCC_WARN_UNINITIALIZED_AUTOS = YES_AGGRESSIVE;
				GCC_WARN_UNUSED_FUNCTION = YES;
				GCC_WARN_UNUSED_VARIABLE = YES;
				IPHONEOS_DEPLOYMENT_TARGET = 14.4;
				MTL_ENABLE_DEBUG_INFO = NO;
				MTL_FAST_MATH = YES;
				SDKROOT = iphoneos;
				SWIFT_COMPILATION_MODE = wholemodule;
				SWIFT_OPTIMIZATION_LEVEL = "-O";
				VALIDATE_PRODUCT = YES;
			};
			name = Release;
		};
		EFE36E0D2628B8CB00D49712 /* Debug */ = {
			isa = XCBuildConfiguration;
			buildSettings = {
				ASSETCATALOG_COMPILER_APPICON_NAME = AppIcon;
				ASSETCATALOG_COMPILER_GLOBAL_ACCENT_COLOR_NAME = AccentColor;
				CODE_SIGN_STYLE = Automatic;
				DEVELOPMENT_TEAM = TT2S3XVGK2;
				INFOPLIST_FILE = Kaboom/Info.plist;
				LD_RUNPATH_SEARCH_PATHS = (
					"$(inherited)",
					"@executable_path/Frameworks",
				);
				PRODUCT_BUNDLE_IDENTIFIER = com.ignasi.Kaboom;
				PRODUCT_NAME = "$(TARGET_NAME)";
				SWIFT_VERSION = 5.0;
				TARGETED_DEVICE_FAMILY = "1,2";
			};
			name = Debug;
		};
		EFE36E0E2628B8CB00D49712 /* Release */ = {
			isa = XCBuildConfiguration;
			buildSettings = {
				ASSETCATALOG_COMPILER_APPICON_NAME = AppIcon;
				ASSETCATALOG_COMPILER_GLOBAL_ACCENT_COLOR_NAME = AccentColor;
				CODE_SIGN_STYLE = Automatic;
				DEVELOPMENT_TEAM = TT2S3XVGK2;
				INFOPLIST_FILE = Kaboom/Info.plist;
				LD_RUNPATH_SEARCH_PATHS = (
					"$(inherited)",
					"@executable_path/Frameworks",
				);
				PRODUCT_BUNDLE_IDENTIFIER = com.ignasi.Kaboom;
				PRODUCT_NAME = "$(TARGET_NAME)";
				SWIFT_VERSION = 5.0;
				TARGETED_DEVICE_FAMILY = "1,2";
			};
			name = Release;
		};
/* End XCBuildConfiguration section */

/* Begin XCConfigurationList section */
		EFE36DF22628B8CA00D49712 /* Build configuration list for PBXProject "Kaboom" */ = {
			isa = XCConfigurationList;
			buildConfigurations = (
				EFE36E0A2628B8CB00D49712 /* Debug */,
				EFE36E0B2628B8CB00D49712 /* Release */,
			);
			defaultConfigurationIsVisible = 0;
			defaultConfigurationName = Release;
		};
		EFE36E0C2628B8CB00D49712 /* Build configuration list for PBXNativeTarget "Kaboom" */ = {
			isa = XCConfigurationList;
			buildConfigurations = (
				EFE36E0D2628B8CB00D49712 /* Debug */,
				EFE36E0E2628B8CB00D49712 /* Release */,
			);
			defaultConfigurationIsVisible = 0;
			defaultConfigurationName = Release;
		};
/* End XCConfigurationList section */
	};
	rootObject = EFE36DEF2628B8CA00D49712 /* Project object */;
}
